
Microsoft Visual Studio Solution File, Format Version 12.00
# Visual Studio Version 16
VisualStudioVersion = 16.0.30011.22
MinimumVisualStudioVersion = 10.0.40219.1
Project("{FAE04EC0-301F-11D3-BF4B-00C04F79EFBC}") = "SequentialSearch", "SequentialSearch.csproj", "{5BB7FF7E-AFB0-483D-BF0E-A816B053D127}"
EndProject
Global
	GlobalSection(SolutionConfigurationPlatforms) = preSolution
		Debug|Any CPU = Debug|Any CPU
		Release|Any CPU = Release|Any CPU
	EndGlobalSection
	GlobalSection(ProjectConfigurationPlatforms) = postSolution
		{5BB7FF7E-AFB0-483D-BF0E-A816B053D127}.Debug|Any CPU.ActiveCfg = Debug|Any CPU
		{5BB7FF7E-AFB0-483D-BF0E-A816B053D127}.Debug|Any CPU.Build.0 = Debug|Any CPU
		{5BB7FF7E-AFB0-483D-BF0E-A816B053D127}.Release|Any CPU.ActiveCfg = Release|Any CPU
		{5BB7FF7E-AFB0-483D-BF0E-A816B053D127}.Release|Any CPU.Build.0 = Release|Any CPU
	EndGlobalSection
	GlobalSection(SolutionProperties) = preSolution
		HideSolutionNode = FALSE
	EndGlobalSection
	GlobalSection(ExtensibilityGlobals) = postSolution
		SolutionGuid = {11A8ADD3-F37F-41C4-8D5E-3FDA203A55A8}
	EndGlobalSection
EndGlobal
